
Microsoft Visual Studio Solution File, Format Version 12.00
# Visual Studio 15
VisualStudioVersion = 15.0.28307.168
MinimumVisualStudioVersion = 10.0.40219.1
Project("{FAE04EC0-301F-11D3-BF4B-00C04F79EFBC}") = "Vidly", "Vidly\Vidly.csproj", "{457E349B-2144-49B6-8B32-C7C938FF2F7F}"
EndProject
Global
	GlobalSection(SolutionConfigurationPlatforms) = preSolution
		Debug|Any CPU = Debug|Any CPU
		Release|Any CPU = Release|Any CPU
	EndGlobalSection
	GlobalSection(ProjectConfigurationPlatforms) = postSolution
		{457E349B-2144-49B6-8B32-C7C938FF2F7F}.Debug|Any CPU.ActiveCfg = Debug|Any CPU
		{457E349B-2144-49B6-8B32-C7C938FF2F7F}.Debug|Any CPU.Build.0 = Debug|Any CPU
		{457E349B-2144-49B6-8B32-C7C938FF2F7F}.Release|Any CPU.ActiveCfg = Release|Any CPU
		{457E349B-2144-49B6-8B32-C7C938FF2F7F}.Release|Any CPU.Build.0 = Release|Any CPU
	EndGlobalSection
	GlobalSection(SolutionProperties) = preSolution
		HideSolutionNode = FALSE
	EndGlobalSection
	GlobalSection(ExtensibilityGlobals) = postSolution
		SolutionGuid = {7C793910-54A0-4E88-BEAF-E4C92012E73E}
	EndGlobalSection
EndGlobal
